
Microsoft Visual Studio Solution File, Format Version 12.00
# Visual Studio Version 16
VisualStudioVersion = 16.0.31005.135
MinimumVisualStudioVersion = 10.0.40219.1
Project("{FAE04EC0-301F-11D3-BF4B-00C04F79EFBC}") = "PROGRAMACION U5 Y U6", "PROGRAMACION U5 Y U6.csproj", "{D51C4BC7-2BDD-4FB9-AE12-4F78432FB6EF}"
EndProject
Global
	GlobalSection(SolutionConfigurationPlatforms) = preSolution
		Debug|Any CPU = Debug|Any CPU
		Release|Any CPU = Release|Any CPU
	EndGlobalSection
	GlobalSection(ProjectConfigurationPlatforms) = postSolution
		{D51C4BC7-2BDD-4FB9-AE12-4F78432FB6EF}.Debug|Any CPU.ActiveCfg = Debug|Any CPU
		{D51C4BC7-2BDD-4FB9-AE12-4F78432FB6EF}.Debug|Any CPU.Build.0 = Debug|Any CPU
		{D51C4BC7-2BDD-4FB9-AE12-4F78432FB6EF}.Release|Any CPU.ActiveCfg = Release|Any CPU
		{D51C4BC7-2BDD-4FB9-AE12-4F78432FB6EF}.Release|Any CPU.Build.0 = Release|Any CPU
	EndGlobalSection
	GlobalSection(SolutionProperties) = preSolution
		HideSolutionNode = FALSE
	EndGlobalSection
	GlobalSection(ExtensibilityGlobals) = postSolution
		SolutionGuid = {46F02448-D863-4A08-9F0D-D198A5E33002}
	EndGlobalSection
EndGlobal
